
Microsoft Visual Studio Solution File, Format Version 12.00
Project("{FAE04EC0-301F-11D3-BF4B-00C04F79EFBC}") = "DarkMains", "DarkMains\DarkMains.csproj", "{ED625D1F-9C43-45E1-B142-F015F451B539}"
EndProject
Global
	GlobalSection(SolutionConfigurationPlatforms) = preSolution
		Debug|Any CPU = Debug|Any CPU
		Release|Any CPU = Release|Any CPU
	EndGlobalSection
	GlobalSection(ProjectConfigurationPlatforms) = postSolution
		{ED625D1F-9C43-45E1-B142-F015F451B539}.Debug|Any CPU.ActiveCfg = Debug|Any CPU
		{ED625D1F-9C43-45E1-B142-F015F451B539}.Debug|Any CPU.Build.0 = Debug|Any CPU
		{ED625D1F-9C43-45E1-B142-F015F451B539}.Release|Any CPU.ActiveCfg = Release|Any CPU
		{ED625D1F-9C43-45E1-B142-F015F451B539}.Release|Any CPU.Build.0 = Release|Any CPU
	EndGlobalSection
EndGlobal
